{
  "requires": true,
  "lockfileVersion": 1,
  "dependencies": {
    "express-ejs-layouts": {
      "version": "2.5.0",
      "resolved": "https://registry.npmjs.org/express-ejs-layouts/-/express-ejs-layouts-2.5.0.tgz",
      "integrity": "sha512-27Kza3FR8UqvQsq1ewaxC2IwpgrQttYDEFN5s8D74Fv1VPdzsXFWsiKhPMlNauG+DrgMAmh7FhQl5hKHffd+wQ=="
    },
    "passport-local": {
      "version": "1.0.0",
      "resolved": "https://registry.npmjs.org/passport-local/-/passport-local-1.0.0.tgz",
      "integrity": "sha1-H+YyaMkudWBmJkN+O5BmYsFbpu4=",
      "requires": {
        "passport-strategy": "1.x.x"
      }
    },
    "passport-strategy": {
      "version": "1.0.0",
      "resolved": "https://registry.npmjs.org/passport-strategy/-/passport-strategy-1.0.0.tgz",
      "integrity": "sha1-tVOaqPwiWj0a0XlHbd8ja0QPUuQ="
    }
  }
}
